// !$*UTF8*$!
{
	archiveVersion = 1;
	classes = {
	};
	objectVersion = 48;
	objects = {

/* Begin PBXBuildFile section */
		8F649F581F742BD400B02C3A /* AppDelegate.m in Sources */ = {isa = PBXBuildFile; fileRef = 8F649F571F742BD400B02C3A /* AppDelegate.m */; };
		8F649F5B1F742BD400B02C3A /* ViewController.m in Sources */ = {isa = PBXBuildFile; fileRef = 8F649F5A1F742BD400B02C3A /* ViewController.m */; };
		8F649F5E1F742BD400B02C3A /* Main.storyboard in Resources */ = {isa = PBXBuildFile; fileRef = 8F649F5C1F742BD400B02C3A /* Main.storyboard */; };
		8F649F611F742BD400B02C3A /* PhoneMatic.xcdatamodeld in Sources */ = {isa = PBXBuildFile; fileRef = 8F649F5F1F742BD400B02C3A /* PhoneMatic.xcdatamodeld */; };
		8F649F631F742BD400B02C3A /* Assets.xcassets in Resources */ = {isa = PBXBuildFile; fileRef = 8F649F621F742BD400B02C3A /* Assets.xcassets */; };
		8F649F661F742BD400B02C3A /* LaunchScreen.storyboard in Resources */ = {isa = PBXBuildFile; fileRef = 8F649F641F742BD400B02C3A /* LaunchScreen.storyboard */; };
		8F649F691F742BD400B02C3A /* main.m in Sources */ = {isa = PBXBuildFile; fileRef = 8F649F681F742BD400B02C3A /* main.m */; };
		8F649F731F742BD500B02C3A /* PhoneMaticTests.m in Sources */ = {isa = PBXBuildFile; fileRef = 8F649F721F742BD500B02C3A /* PhoneMaticTests.m */; };
		8F649F7E1F742BD500B02C3A /* PhoneMaticUITests.m in Sources */ = {isa = PBXBuildFile; fileRef = 8F649F7D1F742BD500B02C3A /* PhoneMaticUITests.m */; };
		8F649F941F742CCD00B02C3A /* UIKit.framework in Frameworks */ = {isa = PBXBuildFile; fileRef = 8F649F8E1F742C3A00B02C3A /* UIKit.framework */; };
		8F649F951F742CD000B02C3A /* Foundation.framework in Frameworks */ = {isa = PBXBuildFile; fileRef = 8F649F8D1F742C2200B02C3A /* Foundation.framework */; };
		8F649F961F742CD500B02C3A /* CoreGraphics.framework in Frameworks */ = {isa = PBXBuildFile; fileRef = 8F649F8C1F742C0A00B02C3A /* CoreGraphics.framework */; };
		8F90BE011F743A1500D427B3 /* libBean OSX Library.a in Frameworks */ = {isa = PBXBuildFile; fileRef = 8F90BE001F743A1500D427B3 /* libBean OSX Library.a */; };
		8F90BE021F743A1500D427B3 /* libBean OSX Library.a in Frameworks */ = {isa = PBXBuildFile; fileRef = 8F90BE001F743A1500D427B3 /* libBean OSX Library.a */; };
		8F90BE031F743A1500D427B3 /* libBean OSX Library.a in Frameworks */ = {isa = PBXBuildFile; fileRef = 8F90BE001F743A1500D427B3 /* libBean OSX Library.a */; };
/* End PBXBuildFile section */

/* Begin PBXContainerItemProxy section */
		8F649F6F1F742BD500B02C3A /* PBXContainerItemProxy */ = {
			isa = PBXContainerItemProxy;
			containerPortal = 8F649F4B1F742BD400B02C3A /* Project object */;
			proxyType = 1;
			remoteGlobalIDString = 8F649F521F742BD400B02C3A;
			remoteInfo = PhoneMatic;
		};
		8F649F7A1F742BD500B02C3A /* PBXContainerItemProxy */ = {
			isa = PBXContainerItemProxy;
			containerPortal = 8F649F4B1F742BD400B02C3A /* Project object */;
			proxyType = 1;
			remoteGlobalIDString = 8F649F521F742BD400B02C3A;
			remoteInfo = PhoneMatic;
		};
/* End PBXContainerItemProxy section */

/* Begin PBXFileReference section */
		8F649F531F742BD400B02C3A /* PhoneMatic.app */ = {isa = PBXFileReference; explicitFileType = wrapper.application; includeInIndex = 0; path = PhoneMatic.app; sourceTree = BUILT_PRODUCTS_DIR; };
		8F649F561F742BD400B02C3A /* AppDelegate.h */ = {isa = PBXFileReference; lastKnownFileType = sourcecode.c.h; path = AppDelegate.h; sourceTree = "<group>"; };
		8F649F571F742BD400B02C3A /* AppDelegate.m */ = {isa = PBXFileReference; lastKnownFileType = sourcecode.c.objc; path = AppDelegate.m; sourceTree = "<group>"; };
		8F649F591F742BD400B02C3A /* ViewController.h */ = {isa = PBXFileReference; lastKnownFileType = sourcecode.c.h; path = ViewController.h; sourceTree = "<group>"; };
		8F649F5A1F742BD400B02C3A /* ViewController.m */ = {isa = PBXFileReference; lastKnownFileType = sourcecode.c.objc; path = ViewController.m; sourceTree = "<group>"; };
		8F649F5D1F742BD400B02C3A /* Base */ = {isa = PBXFileReference; lastKnownFileType = file.storyboard; name = Base; path = Base.lproj/Main.storyboard; sourceTree = "<group>"; };
		8F649F601F742BD400B02C3A /* PhoneMatic.xcdatamodel */ = {isa = PBXFileReference; lastKnownFileType = wrapper.xcdatamodel; path = PhoneMatic.xcdatamodel; sourceTree = "<group>"; };
		8F649F621F742BD400B02C3A /* Assets.xcassets */ = {isa = PBXFileReference; lastKnownFileType = folder.assetcatalog; path = Assets.xcassets; sourceTree = "<group>"; };
		8F649F651F742BD400B02C3A /* Base */ = {isa = PBXFileReference; lastKnownFileType = file.storyboard; name = Base; path = Base.lproj/LaunchScreen.storyboard; sourceTree = "<group>"; };
		8F649F671F742BD400B02C3A /* Info.plist */ = {isa = PBXFileReference; lastKnownFileType = text.plist.xml; path = Info.plist; sourceTree = "<group>"; };
		8F649F681F742BD400B02C3A /* main.m */ = {isa = PBXFileReference; lastKnownFileType = sourcecode.c.objc; path = main.m; sourceTree = "<group>"; };
		8F649F6E1F742BD500B02C3A /* PhoneMaticTests.xctest */ = {isa = PBXFileReference; explicitFileType = wrapper.cfbundle; includeInIndex = 0; path = PhoneMaticTests.xctest; sourceTree = BUILT_PRODUCTS_DIR; };
		8F649F721F742BD500B02C3A /* PhoneMaticTests.m */ = {isa = PBXFileReference; lastKnownFileType = sourcecode.c.objc; path = PhoneMaticTests.m; sourceTree = "<group>"; };
		8F649F741F742BD500B02C3A /* Info.plist */ = {isa = PBXFileReference; lastKnownFileType = text.plist.xml; path = Info.plist; sourceTree = "<group>"; };
		8F649F791F742BD500B02C3A /* PhoneMaticUITests.xctest */ = {isa = PBXFileReference; explicitFileType = wrapper.cfbundle; includeInIndex = 0; path = PhoneMaticUITests.xctest; sourceTree = BUILT_PRODUCTS_DIR; };
		8F649F7D1F742BD500B02C3A /* PhoneMaticUITests.m */ = {isa = PBXFileReference; lastKnownFileType = sourcecode.c.objc; path = PhoneMaticUITests.m; sourceTree = "<group>"; };
		8F649F7F1F742BD500B02C3A /* Info.plist */ = {isa = PBXFileReference; lastKnownFileType = text.plist.xml; path = Info.plist; sourceTree = "<group>"; };
		8F649F8C1F742C0A00B02C3A /* CoreGraphics.framework */ = {isa = PBXFileReference; lastKnownFileType = wrapper.framework; name = CoreGraphics.framework; path = System/Library/Frameworks/CoreGraphics.framework; sourceTree = SDKROOT; };
		8F649F8D1F742C2200B02C3A /* Foundation.framework */ = {isa = PBXFileReference; lastKnownFileType = wrapper.framework; name = Foundation.framework; path = System/Library/Frameworks/Foundation.framework; sourceTree = SDKROOT; };
		8F649F8E1F742C3A00B02C3A /* UIKit.framework */ = {isa = PBXFileReference; lastKnownFileType = wrapper.framework; name = UIKit.framework; path = System/Library/Frameworks/UIKit.framework; sourceTree = SDKROOT; };
		8F649F8F1F742CA700B02C3A /* PTDBeanManager.h */ = {isa = PBXFileReference; fileEncoding = 4; lastKnownFileType = sourcecode.c.h; path = PTDBeanManager.h; sourceTree = "<group>"; };
		8F649F911F742CA700B02C3A /* PTDBeanRadioConfig.h */ = {isa = PBXFileReference; fileEncoding = 4; lastKnownFileType = sourcecode.c.h; path = PTDBeanRadioConfig.h; sourceTree = "<group>"; };
		8F649F921F742CA700B02C3A /* PTDBean.h */ = {isa = PBXFileReference; fileEncoding = 4; lastKnownFileType = sourcecode.c.h; path = PTDBean.h; sourceTree = "<group>"; };
		8F90BE001F743A1500D427B3 /* libBean OSX Library.a */ = {isa = PBXFileReference; lastKnownFileType = archive.ar; name = "libBean OSX Library.a"; path = "../libBean OSX Library.a"; sourceTree = "<group>"; };
/* End PBXFileReference section */

/* Begin PBXFrameworksBuildPhase section */
		8F649F501F742BD400B02C3A /* Frameworks */ = {
			isa = PBXFrameworksBuildPhase;
			buildActionMask = 2147483647;
			files = (
				8F90BE011F743A1500D427B3 /* libBean OSX Library.a in Frameworks */,
				8F649F941F742CCD00B02C3A /* UIKit.framework in Frameworks */,
				8F649F951F742CD000B02C3A /* Foundation.framework in Frameworks */,
				8F649F961F742CD500B02C3A /* CoreGraphics.framework in Frameworks */,
			);
			runOnlyForDeploymentPostprocessing = 0;
		};
		8F649F6B1F742BD500B02C3A /* Frameworks */ = {
			isa = PBXFrameworksBuildPhase;
			buildActionMask = 2147483647;
			files = (
				8F90BE021F743A1500D427B3 /* libBean OSX Library.a in Frameworks */,
			);
			runOnlyForDeploymentPostprocessing = 0;
		};
		8F649F761F742BD500B02C3A /* Frameworks */ = {
			isa = PBXFrameworksBuildPhase;
			buildActionMask = 2147483647;
			files = (
				8F90BE031F743A1500D427B3 /* libBean OSX Library.a in Frameworks */,
			);
			runOnlyForDeploymentPostprocessing = 0;
		};
/* End PBXFrameworksBuildPhase section */

/* Begin PBXGroup section */
		8F649F4A1F742BD400B02C3A = {
			isa = PBXGroup;
			children = (
				8F649F551F742BD400B02C3A /* PhoneMatic */,
				8F649F711F742BD500B02C3A /* PhoneMaticTests */,
				8F649F7C1F742BD500B02C3A /* PhoneMaticUITests */,
				8F649F541F742BD400B02C3A /* Products */,
				8F649F8B1F742C0900B02C3A /* Frameworks */,
			);
			sourceTree = "<group>";
		};
		8F649F541F742BD400B02C3A /* Products */ = {
			isa = PBXGroup;
			children = (
				8F649F531F742BD400B02C3A /* PhoneMatic.app */,
				8F649F6E1F742BD500B02C3A /* PhoneMaticTests.xctest */,
				8F649F791F742BD500B02C3A /* PhoneMaticUITests.xctest */,
			);
			name = Products;
			sourceTree = "<group>";
		};
		8F649F551F742BD400B02C3A /* PhoneMatic */ = {
			isa = PBXGroup;
			children = (
				8F649F971F742CF100B02C3A /* Bean Library */,
				8F649F561F742BD400B02C3A /* AppDelegate.h */,
				8F649F571F742BD400B02C3A /* AppDelegate.m */,
				8F649F591F742BD400B02C3A /* ViewController.h */,
				8F649F5A1F742BD400B02C3A /* ViewController.m */,
				8F649F5C1F742BD400B02C3A /* Main.storyboard */,
				8F649F621F742BD400B02C3A /* Assets.xcassets */,
				8F649F641F742BD400B02C3A /* LaunchScreen.storyboard */,
				8F649F671F742BD400B02C3A /* Info.plist */,
				8F649F681F742BD400B02C3A /* main.m */,
				8F649F5F1F742BD400B02C3A /* PhoneMatic.xcdatamodeld */,
			);
			path = PhoneMatic;
			sourceTree = "<group>";
		};
		8F649F711F742BD500B02C3A /* PhoneMaticTests */ = {
			isa = PBXGroup;
			children = (
				8F649F721F742BD500B02C3A /* PhoneMaticTests.m */,
				8F649F741F742BD500B02C3A /* Info.plist */,
			);
			path = PhoneMaticTests;
			sourceTree = "<group>";
		};
		8F649F7C1F742BD500B02C3A /* PhoneMaticUITests */ = {
			isa = PBXGroup;
			children = (
				8F649F7D1F742BD500B02C3A /* PhoneMaticUITests.m */,
				8F649F7F1F742BD500B02C3A /* Info.plist */,
			);
			path = PhoneMaticUITests;
			sourceTree = "<group>";
		};
		8F649F8B1F742C0900B02C3A /* Frameworks */ = {
			isa = PBXGroup;
			children = (
				8F90BE001F743A1500D427B3 /* libBean OSX Library.a */,
				8F649F8E1F742C3A00B02C3A /* UIKit.framework */,
				8F649F8D1F742C2200B02C3A /* Foundation.framework */,
				8F649F8C1F742C0A00B02C3A /* CoreGraphics.framework */,
			);
			name = Frameworks;
			sourceTree = "<group>";
		};
		8F649F971F742CF100B02C3A /* Bean Library */ = {
			isa = PBXGroup;
			children = (
				8F649F921F742CA700B02C3A /* PTDBean.h */,
				8F649F8F1F742CA700B02C3A /* PTDBeanManager.h */,
				8F649F911F742CA700B02C3A /* PTDBeanRadioConfig.h */,
			);
			path = "Bean Library";
			sourceTree = "<group>";
		};
/* End PBXGroup section */

/* Begin PBXNativeTarget section */
		8F649F521F742BD400B02C3A /* PhoneMatic */ = {
			isa = PBXNativeTarget;
			buildConfigurationList = 8F649F821F742BD500B02C3A /* Build configuration list for PBXNativeTarget "PhoneMatic" */;
			buildPhases = (
				8F649F4F1F742BD400B02C3A /* Sources */,
				8F649F501F742BD400B02C3A /* Frameworks */,
				8F649F511F742BD400B02C3A /* Resources */,
			);
			buildRules = (
			);
			dependencies = (
			);
			name = PhoneMatic;
			productName = PhoneMatic;
			productReference = 8F649F531F742BD400B02C3A /* PhoneMatic.app */;
			productType = "com.apple.product-type.application";
		};
		8F649F6D1F742BD500B02C3A /* PhoneMaticTests */ = {
			isa = PBXNativeTarget;
			buildConfigurationList = 8F649F851F742BD500B02C3A /* Build configuration list for PBXNativeTarget "PhoneMaticTests" */;
			buildPhases = (
				8F649F6A1F742BD500B02C3A /* Sources */,
				8F649F6B1F742BD500B02C3A /* Frameworks */,
				8F649F6C1F742BD500B02C3A /* Resources */,
			);
			buildRules = (
			);
			dependencies = (
				8F649F701F742BD500B02C3A /* PBXTargetDependency */,
			);
			name = PhoneMaticTests;
			productName = PhoneMaticTests;
			productReference = 8F649F6E1F742BD500B02C3A /* PhoneMaticTests.xctest */;
			productType = "com.apple.product-type.bundle.unit-test";
		};
		8F649F781F742BD500B02C3A /* PhoneMaticUITests */ = {
			isa = PBXNativeTarget;
			buildConfigurationList = 8F649F881F742BD500B02C3A /* Build configuration list for PBXNativeTarget "PhoneMaticUITests" */;
			buildPhases = (
				8F649F751F742BD500B02C3A /* Sources */,
				8F649F761F742BD500B02C3A /* Frameworks */,
				8F649F771F742BD500B02C3A /* Resources */,
			);
			buildRules = (
			);
			dependencies = (
				8F649F7B1F742BD500B02C3A /* PBXTargetDependency */,
			);
			name = PhoneMaticUITests;
			productName = PhoneMaticUITests;
			productReference = 8F649F791F742BD500B02C3A /* PhoneMaticUITests.xctest */;
			productType = "com.apple.product-type.bundle.ui-testing";
		};
/* End PBXNativeTarget section */

/* Begin PBXProject section */
		8F649F4B1F742BD400B02C3A /* Project object */ = {
			isa = PBXProject;
			attributes = {
				LastUpgradeCheck = 0900;
				ORGANIZATIONNAME = "Ashank Singh";
				TargetAttributes = {
					8F649F521F742BD400B02C3A = {
						CreatedOnToolsVersion = 9.0;
					};
					8F649F6D1F742BD500B02C3A = {
						CreatedOnToolsVersion = 9.0;
						TestTargetID = 8F649F521F742BD400B02C3A;
					};
					8F649F781F742BD500B02C3A = {
						CreatedOnToolsVersion = 9.0;
						TestTargetID = 8F649F521F742BD400B02C3A;
					};
				};
			};
			buildConfigurationList = 8F649F4E1F742BD400B02C3A /* Build configuration list for PBXProject "PhoneMatic" */;
			compatibilityVersion = "Xcode 8.0";
			developmentRegion = en;
			hasScannedForEncodings = 0;
			knownRegions = (
				en,
				Base,
			);
			mainGroup = 8F649F4A1F742BD400B02C3A;
			productRefGroup = 8F649F541F742BD400B02C3A /* Products */;
			projectDirPath = "";
			projectRoot = "";
			targets = (
				8F649F521F742BD400B02C3A /* PhoneMatic */,
				8F649F6D1F742BD500B02C3A /* PhoneMaticTests */,
				8F649F781F742BD500B02C3A /* PhoneMaticUITests */,
			);
		};
/* End PBXProject section */

/* Begin PBXResourcesBuildPhase section */
		8F649F511F742BD400B02C3A /* Resources */ = {
			isa = PBXResourcesBuildPhase;
			buildActionMask = 2147483647;
			files = (
				8F649F661F742BD400B02C3A /* LaunchScreen.storyboard in Resources */,
				8F649F631F742BD400B02C3A /* Assets.xcassets in Resources */,
				8F649F5E1F742BD400B02C3A /* Main.storyboard in Resources */,
			);
			runOnlyForDeploymentPostprocessing = 0;
		};
		8F649F6C1F742BD500B02C3A /* Resources */ = {
			isa = PBXResourcesBuildPhase;
			buildActionMask = 2147483647;
			files = (
			);
			runOnlyForDeploymentPostprocessing = 0;
		};
		8F649F771F742BD500B02C3A /* Resources */ = {
			isa = PBXResourcesBuildPhase;
			buildActionMask = 2147483647;
			files = (
			);
			runOnlyForDeploymentPostprocessing = 0;
		};
/* End PBXResourcesBuildPhase section */

/* Begin PBXSourcesBuildPhase section */
		8F649F4F1F742BD400B02C3A /* Sources */ = {
			isa = PBXSourcesBuildPhase;
			buildActionMask = 2147483647;
			files = (
				8F649F611F742BD400B02C3A /* PhoneMatic.xcdatamodeld in Sources */,
				8F649F5B1F742BD400B02C3A /* ViewController.m in Sources */,
				8F649F691F742BD400B02C3A /* main.m in Sources */,
				8F649F581F742BD400B02C3A /* AppDelegate.m in Sources */,
			);
			runOnlyForDeploymentPostprocessing = 0;
		};
		8F649F6A1F742BD500B02C3A /* Sources */ = {
			isa = PBXSourcesBuildPhase;
			buildActionMask = 2147483647;
			files = (
				8F649F731F742BD500B02C3A /* PhoneMaticTests.m in Sources */,
			);
			runOnlyForDeploymentPostprocessing = 0;
		};
		8F649F751F742BD500B02C3A /* Sources */ = {
			isa = PBXSourcesBuildPhase;
			buildActionMask = 2147483647;
			files = (
				8F649F7E1F742BD500B02C3A /* PhoneMaticUITests.m in Sources */,
			);
			runOnlyForDeploymentPostprocessing = 0;
		};
/* End PBXSourcesBuildPhase section */

/* Begin PBXTargetDependency section */
		8F649F701F742BD500B02C3A /* PBXTargetDependency */ = {
			isa = PBXTargetDependency;
			target = 8F649F521F742BD400B02C3A /* PhoneMatic */;
			targetProxy = 8F649F6F1F742BD500B02C3A /* PBXContainerItemProxy */;
		};
		8F649F7B1F742BD500B02C3A /* PBXTargetDependency */ = {
			isa = PBXTargetDependency;
			target = 8F649F521F742BD400B02C3A /* PhoneMatic */;
			targetProxy = 8F649F7A1F742BD500B02C3A /* PBXContainerItemProxy */;
		};
/* End PBXTargetDependency section */

/* Begin PBXVariantGroup section */
		8F649F5C1F742BD400B02C3A /* Main.storyboard */ = {
			isa = PBXVariantGroup;
			children = (
				8F649F5D1F742BD400B02C3A /* Base */,
			);
			name = Main.storyboard;
			sourceTree = "<group>";
		};
		8F649F641F742BD400B02C3A /* LaunchScreen.storyboard */ = {
			isa = PBXVariantGroup;
			children = (
				8F649F651F742BD400B02C3A /* Base */,
			);
			name = LaunchScreen.storyboard;
			sourceTree = "<group>";
		};
/* End PBXVariantGroup section */

/* Begin XCBuildConfiguration section */
		8F649F801F742BD500B02C3A /* Debug */ = {
			isa = XCBuildConfiguration;
			buildSettings = {
				ALWAYS_SEARCH_USER_PATHS = NO;
				CLANG_ANALYZER_NONNULL = YES;
				CLANG_ANALYZER_NUMBER_OBJECT_CONVERSION = YES_AGGRESSIVE;
				CLANG_CXX_LANGUAGE_STANDARD = "gnu++14";
				CLANG_CXX_LIBRARY = "libc++";
				CLANG_ENABLE_MODULES = YES;
				CLANG_ENABLE_OBJC_ARC = YES;
				CLANG_WARN_BLOCK_CAPTURE_AUTORELEASING = YES;
				CLANG_WARN_BOOL_CONVERSION = YES;
				CLANG_WARN_COMMA = YES;
				CLANG_WARN_CONSTANT_CONVERSION = YES;
				CLANG_WARN_DIRECT_OBJC_ISA_USAGE = YES_ERROR;
				CLANG_WARN_DOCUMENTATION_COMMENTS = YES;
				CLANG_WARN_EMPTY_BODY = YES;
				CLANG_WARN_ENUM_CONVERSION = YES;
				CLANG_WARN_INFINITE_RECURSION = YES;
				CLANG_WARN_INT_CONVERSION = YES;
				CLANG_WARN_NON_LITERAL_NULL_CONVERSION = YES;
				CLANG_WARN_OBJC_LITERAL_CONVERSION = YES;
				CLANG_WARN_OBJC_ROOT_CLASS = YES_ERROR;
				CLANG_WARN_RANGE_LOOP_ANALYSIS = YES;
				CLANG_WARN_STRICT_PROTOTYPES = YES;
				CLANG_WARN_SUSPICIOUS_MOVE = YES;
				CLANG_WARN_UNGUARDED_AVAILABILITY = YES_AGGRESSIVE;
				CLANG_WARN_UNREACHABLE_CODE = YES;
				CLANG_WARN__DUPLICATE_METHOD_MATCH = YES;
				CODE_SIGN_IDENTITY = "iPhone Developer";
				COPY_PHASE_STRIP = NO;
				DEBUG_INFORMATION_FORMAT = dwarf;
				ENABLE_STRICT_OBJC_MSGSEND = YES;
				ENABLE_TESTABILITY = YES;
				GCC_C_LANGUAGE_STANDARD = gnu11;
				GCC_DYNAMIC_NO_PIC = NO;
				GCC_NO_COMMON_BLOCKS = YES;
				GCC_OPTIMIZATION_LEVEL = 0;
				GCC_PREPROCESSOR_DEFINITIONS = (
					"DEBUG=1",
					"$(inherited)",
				);
				GCC_WARN_64_TO_32_BIT_CONVERSION = YES;
				GCC_WARN_ABOUT_RETURN_TYPE = YES_ERROR;
				GCC_WARN_UNDECLARED_SELECTOR = YES;
				GCC_WARN_UNINITIALIZED_AUTOS = YES_AGGRESSIVE;
				GCC_WARN_UNUSED_FUNCTION = YES;
				GCC_WARN_UNUSED_VARIABLE = YES;
				IPHONEOS_DEPLOYMENT_TARGET = 11.0;
				LIBRARY_SEARCH_PATHS = (
					"$(inherited)",
					"$(PROJECT_DIR)",
				);
				MTL_ENABLE_DEBUG_INFO = YES;
				ONLY_ACTIVE_ARCH = YES;
				SDKROOT = iphoneos;
			};
			name = Debug;
		};
		8F649F811F742BD500B02C3A /* Release */ = {
			isa = XCBuildConfiguration;
			buildSettings = {
				ALWAYS_SEARCH_USER_PATHS = NO;
				CLANG_ANALYZER_NONNULL = YES;
				CLANG_ANALYZER_NUMBER_OBJECT_CONVERSION = YES_AGGRESSIVE;
				CLANG_CXX_LANGUAGE_STANDARD = "gnu++14";
				CLANG_CXX_LIBRARY = "libc++";
				CLANG_ENABLE_MODULES = YES;
				CLANG_ENABLE_OBJC_ARC = YES;
				CLANG_WARN_BLOCK_CAPTURE_AUTORELEASING = YES;
				CLANG_WARN_BOOL_CONVERSION = YES;
				CLANG_WARN_COMMA = YES;
				CLANG_WARN_CONSTANT_CONVERSION = YES;
				CLANG_WARN_DIRECT_OBJC_ISA_USAGE = YES_ERROR;
				CLANG_WARN_DOCUMENTATION_COMMENTS = YES;
				CLANG_WARN_EMPTY_BODY = YES;
				CLANG_WARN_ENUM_CONVERSION = YES;
				CLANG_WARN_INFINITE_RECURSION = YES;
				CLANG_WARN_INT_CONVERSION = YES;
				CLANG_WARN_NON_LITERAL_NULL_CONVERSION = YES;
				CLANG_WARN_OBJC_LITERAL_CONVERSION = YES;
				CLANG_WARN_OBJC_ROOT_CLASS = YES_ERROR;
				CLANG_WARN_RANGE_LOOP_ANALYSIS = YES;
				CLANG_WARN_STRICT_PROTOTYPES = YES;
				CLANG_WARN_SUSPICIOUS_MOVE = YES;
				CLANG_WARN_UNGUARDED_AVAILABILITY = YES_AGGRESSIVE;
				CLANG_WARN_UNREACHABLE_CODE = YES;
				CLANG_WARN__DUPLICATE_METHOD_MATCH = YES;
				CODE_SIGN_IDENTITY = "iPhone Developer";
				COPY_PHASE_STRIP = NO;
				DEBUG_INFORMATION_FORMAT = "dwarf-with-dsym";
				ENABLE_NS_ASSERTIONS = NO;
				ENABLE_STRICT_OBJC_MSGSEND = YES;
				GCC_C_LANGUAGE_STANDARD = gnu11;
				GCC_NO_COMMON_BLOCKS = YES;
				GCC_WARN_64_TO_32_BIT_CONVERSION = YES;
				GCC_WARN_ABOUT_RETURN_TYPE = YES_ERROR;
				GCC_WARN_UNDECLARED_SELECTOR = YES;
				GCC_WARN_UNINITIALIZED_AUTOS = YES_AGGRESSIVE;
				GCC_WARN_UNUSED_FUNCTION = YES;
				GCC_WARN_UNUSED_VARIABLE = YES;
				IPHONEOS_DEPLOYMENT_TARGET = 11.0;
				LIBRARY_SEARCH_PATHS = (
					"$(inherited)",
					"$(PROJECT_DIR)",
				);
				MTL_ENABLE_DEBUG_INFO = NO;
				SDKROOT = iphoneos;
				VALIDATE_PRODUCT = YES;
			};
			name = Release;
		};
		8F649F831F742BD500B02C3A /* Debug */ = {
			isa = XCBuildConfiguration;
			buildSettings = {
				ASSETCATALOG_COMPILER_APPICON_NAME = AppIcon;
				DEVELOPMENT_TEAM = 92T2SHA9A3;
				INFOPLIST_FILE = PhoneMatic/Info.plist;
				IPHONEOS_DEPLOYMENT_TARGET = 11.0;
				LD_RUNPATH_SEARCH_PATHS = "$(inherited) @executable_path/Frameworks";
				PRODUCT_BUNDLE_IDENTIFIER = ashanksingh.PhoneMatic;
				PRODUCT_NAME = "$(TARGET_NAME)";
				TARGETED_DEVICE_FAMILY = "1,2";
			};
			name = Debug;
		};
		8F649F841F742BD500B02C3A /* Release */ = {
			isa = XCBuildConfiguration;
			buildSettings = {
				ASSETCATALOG_COMPILER_APPICON_NAME = AppIcon;
				DEVELOPMENT_TEAM = 92T2SHA9A3;
				INFOPLIST_FILE = PhoneMatic/Info.plist;
				IPHONEOS_DEPLOYMENT_TARGET = 11.0;
				LD_RUNPATH_SEARCH_PATHS = "$(inherited) @executable_path/Frameworks";
				PRODUCT_BUNDLE_IDENTIFIER = ashanksingh.PhoneMatic;
				PRODUCT_NAME = "$(TARGET_NAME)";
				TARGETED_DEVICE_FAMILY = "1,2";
			};
			name = Release;
		};
		8F649F861F742BD500B02C3A /* Debug */ = {
			isa = XCBuildConfiguration;
			buildSettings = {
				BUNDLE_LOADER = "$(TEST_HOST)";
				DEVELOPMENT_TEAM = 92T2SHA9A3;
				INFOPLIST_FILE = PhoneMaticTests/Info.plist;
				LD_RUNPATH_SEARCH_PATHS = "$(inherited) @executable_path/Frameworks @loader_path/Frameworks";
				PRODUCT_BUNDLE_IDENTIFIER = ashanksingh.PhoneMaticTests;
				PRODUCT_NAME = "$(TARGET_NAME)";
				TARGETED_DEVICE_FAMILY = "1,2";
				TEST_HOST = "$(BUILT_PRODUCTS_DIR)/PhoneMatic.app/PhoneMatic";
			};
			name = Debug;
		};
		8F649F871F742BD500B02C3A /* Release */ = {
			isa = XCBuildConfiguration;
			buildSettings = {
				BUNDLE_LOADER = "$(TEST_HOST)";
				DEVELOPMENT_TEAM = 92T2SHA9A3;
				INFOPLIST_FILE = PhoneMaticTests/Info.plist;
				LD_RUNPATH_SEARCH_PATHS = "$(inherited) @executable_path/Frameworks @loader_path/Frameworks";
				PRODUCT_BUNDLE_IDENTIFIER = ashanksingh.PhoneMaticTests;
				PRODUCT_NAME = "$(TARGET_NAME)";
				TARGETED_DEVICE_FAMILY = "1,2";
				TEST_HOST = "$(BUILT_PRODUCTS_DIR)/PhoneMatic.app/PhoneMatic";
			};
			name = Release;
		};
		8F649F891F742BD500B02C3A /* Debug */ = {
			isa = XCBuildConfiguration;
			buildSettings = {
				DEVELOPMENT_TEAM = 92T2SHA9A3;
				INFOPLIST_FILE = PhoneMaticUITests/Info.plist;
				LD_RUNPATH_SEARCH_PATHS = "$(inherited) @executable_path/Frameworks @loader_path/Frameworks";
				PRODUCT_BUNDLE_IDENTIFIER = ashanksingh.PhoneMaticUITests;
				PRODUCT_NAME = "$(TARGET_NAME)";
				TARGETED_DEVICE_FAMILY = "1,2";
				TEST_TARGET_NAME = PhoneMatic;
			};
			name = Debug;
		};
		8F649F8A1F742BD500B02C3A /* Release */ = {
			isa = XCBuildConfiguration;
			buildSettings = {
				DEVELOPMENT_TEAM = 92T2SHA9A3;
				INFOPLIST_FILE = PhoneMaticUITests/Info.plist;
				LD_RUNPATH_SEARCH_PATHS = "$(inherited) @executable_path/Frameworks @loader_path/Frameworks";
				PRODUCT_BUNDLE_IDENTIFIER = ashanksingh.PhoneMaticUITests;
				PRODUCT_NAME = "$(TARGET_NAME)";
				TARGETED_DEVICE_FAMILY = "1,2";
				TEST_TARGET_NAME = PhoneMatic;
			};
			name = Release;
		};
/* End XCBuildConfiguration section */

/* Begin XCConfigurationList section */
		8F649F4E1F742BD400B02C3A /* Build configuration list for PBXProject "PhoneMatic" */ = {
			isa = XCConfigurationList;
			buildConfigurations = (
				8F649F801F742BD500B02C3A /* Debug */,
				8F649F811F742BD500B02C3A /* Release */,
			);
			defaultConfigurationIsVisible = 0;
			defaultConfigurationName = Release;
		};
		8F649F821F742BD500B02C3A /* Build configuration list for PBXNativeTarget "PhoneMatic" */ = {
			isa = XCConfigurationList;
			buildConfigurations = (
				8F649F831F742BD500B02C3A /* Debug */,
				8F649F841F742BD500B02C3A /* Release */,
			);
			defaultConfigurationIsVisible = 0;
			defaultConfigurationName = Release;
		};
		8F649F851F742BD500B02C3A /* Build configuration list for PBXNativeTarget "PhoneMaticTests" */ = {
			isa = XCConfigurationList;
			buildConfigurations = (
				8F649F861F742BD500B02C3A /* Debug */,
				8F649F871F742BD500B02C3A /* Release */,
			);
			defaultConfigurationIsVisible = 0;
			defaultConfigurationName = Release;
		};
		8F649F881F742BD500B02C3A /* Build configuration list for PBXNativeTarget "PhoneMaticUITests" */ = {
			isa = XCConfigurationList;
			buildConfigurations = (
				8F649F891F742BD500B02C3A /* Debug */,
				8F649F8A1F742BD500B02C3A /* Release */,
			);
			defaultConfigurationIsVisible = 0;
			defaultConfigurationName = Release;
		};
/* End XCConfigurationList section */

/* Begin XCVersionGroup section */
		8F649F5F1F742BD400B02C3A /* PhoneMatic.xcdatamodeld */ = {
			isa = XCVersionGroup;
			children = (
				8F649F601F742BD400B02C3A /* PhoneMatic.xcdatamodel */,
			);
			currentVersion = 8F649F601F742BD400B02C3A /* PhoneMatic.xcdatamodel */;
			path = PhoneMatic.xcdatamodeld;
			sourceTree = "<group>";
			versionGroupType = wrapper.xcdatamodel;
		};
/* End XCVersionGroup section */
	};
	rootObject = 8F649F4B1F742BD400B02C3A /* Project object */;
}
